
Microsoft Visual Studio Solution File, Format Version 12.00
# Visual Studio 15
VisualStudioVersion = 15.0.27703.2018
MinimumVisualStudioVersion = 10.0.40219.1
Project("{9A19103F-16F7-4668-BE54-9A1E7A4F7556}") = "cdams", "cdams\cdams.csproj", "{820153B9-0708-49BC-B635-AD9F3D612DAE}"
EndProject
Project("{9A19103F-16F7-4668-BE54-9A1E7A4F7556}") = "cdams.tests", "cdams.tests\cdams.tests.csproj", "{2EB66344-5FAE-48D7-8DDE-6119D0CC2C90}"
EndProject
Project("{FAE04EC0-301F-11D3-BF4B-00C04F79EFBC}") = "cdamsv2", "cdamsv2\FunctionApp1\cdamsv2.csproj", "{A79F6CDC-9943-45F0-9EA8-638DCBCFCA5A}"
EndProject
Global
	GlobalSection(SolutionConfigurationPlatforms) = preSolution
		Debug|Any CPU = Debug|Any CPU
		Release|Any CPU = Release|Any CPU
	EndGlobalSection
	GlobalSection(ProjectConfigurationPlatforms) = postSolution
		{820153B9-0708-49BC-B635-AD9F3D612DAE}.Debug|Any CPU.ActiveCfg = Debug|Any CPU
		{820153B9-0708-49BC-B635-AD9F3D612DAE}.Debug|Any CPU.Build.0 = Debug|Any CPU
		{820153B9-0708-49BC-B635-AD9F3D612DAE}.Release|Any CPU.ActiveCfg = Release|Any CPU
		{820153B9-0708-49BC-B635-AD9F3D612DAE}.Release|Any CPU.Build.0 = Release|Any CPU
		{2EB66344-5FAE-48D7-8DDE-6119D0CC2C90}.Debug|Any CPU.ActiveCfg = Debug|Any CPU
		{2EB66344-5FAE-48D7-8DDE-6119D0CC2C90}.Debug|Any CPU.Build.0 = Debug|Any CPU
		{2EB66344-5FAE-48D7-8DDE-6119D0CC2C90}.Release|Any CPU.ActiveCfg = Release|Any CPU
		{2EB66344-5FAE-48D7-8DDE-6119D0CC2C90}.Release|Any CPU.Build.0 = Release|Any CPU
		{A79F6CDC-9943-45F0-9EA8-638DCBCFCA5A}.Debug|Any CPU.ActiveCfg = Debug|Any CPU
		{A79F6CDC-9943-45F0-9EA8-638DCBCFCA5A}.Debug|Any CPU.Build.0 = Debug|Any CPU
		{A79F6CDC-9943-45F0-9EA8-638DCBCFCA5A}.Release|Any CPU.ActiveCfg = Release|Any CPU
		{A79F6CDC-9943-45F0-9EA8-638DCBCFCA5A}.Release|Any CPU.Build.0 = Release|Any CPU
	EndGlobalSection
	GlobalSection(SolutionProperties) = preSolution
		HideSolutionNode = FALSE
	EndGlobalSection
	GlobalSection(ExtensibilityGlobals) = postSolution
		SolutionGuid = {4D7AC3E0-A337-446F-AD71-99B1AF48E421}
	EndGlobalSection
EndGlobal
